
Microsoft Visual Studio Solution File, Format Version 12.00
# Visual Studio 15
Project("{FAE04EC0-301F-11D3-BF4B-00C04F79EFBC}") = "Cribbly", "Cribbly.csproj", "{4F692408-AEB3-4396-A319-0B0F4B1A448E}"
EndProject
Global
	GlobalSection(SolutionConfigurationPlatforms) = preSolution
		Debug|Any CPU = Debug|Any CPU
		Release|Any CPU = Release|Any CPU
	EndGlobalSection
	GlobalSection(ProjectConfigurationPlatforms) = postSolution
		{4F692408-AEB3-4396-A319-0B0F4B1A448E}.Debug|Any CPU.ActiveCfg = Debug|Any CPU
		{4F692408-AEB3-4396-A319-0B0F4B1A448E}.Debug|Any CPU.Build.0 = Debug|Any CPU
		{4F692408-AEB3-4396-A319-0B0F4B1A448E}.Release|Any CPU.ActiveCfg = Release|Any CPU
		{4F692408-AEB3-4396-A319-0B0F4B1A448E}.Release|Any CPU.Build.0 = Release|Any CPU
	EndGlobalSection
EndGlobal
