
Microsoft Visual Studio Solution File, Format Version 12.00
# Visual Studio 15
Project("{FAE04EC0-301F-11D3-BF4B-00C04F79EFBC}") = "Cribbly", "Cribbly.csproj", "{4F692408-AEB3-4396-A319-0B0F4B1A448E}"
EndProject
Project("{FAE04EC0-301F-11D3-BF4B-00C04F79EFBC}") = "Cribbly.Data", "Cribbly.Data\Cribbly.Data.csproj", "{EDB8E9DF-2D4A-404A-BA21-860EFBA7C811}"
EndProject
Project("{FAE04EC0-301F-11D3-BF4B-00C04F79EFBC}") = "Cribbly.Controllers", "Cribbly.Controllers\Cribbly.Controllers.csproj", "{58E8C655-2E6F-443F-BB94-DED336361726}"
EndProject
Project("{FAE04EC0-301F-11D3-BF4B-00C04F79EFBC}") = "Cribbly.Services", "Cribbly.Services\Cribbly.Services.csproj", "{2BF3D3DE-12D7-4066-8317-F95A8D5F75D2}"
EndProject
Project("{FAE04EC0-301F-11D3-BF4B-00C04F79EFBC}") = "Cribbly.Tests", "Cribbly.Tests\Cribbly.Tests.csproj", "{6B727F1D-05E6-4617-9C48-975A5A2E3F84}"
EndProject
Global
	GlobalSection(SolutionConfigurationPlatforms) = preSolution
		Debug|Any CPU = Debug|Any CPU
		Release|Any CPU = Release|Any CPU
	EndGlobalSection
	GlobalSection(ProjectConfigurationPlatforms) = postSolution
		{4F692408-AEB3-4396-A319-0B0F4B1A448E}.Debug|Any CPU.ActiveCfg = Debug|Any CPU
		{4F692408-AEB3-4396-A319-0B0F4B1A448E}.Debug|Any CPU.Build.0 = Debug|Any CPU
		{4F692408-AEB3-4396-A319-0B0F4B1A448E}.Release|Any CPU.ActiveCfg = Release|Any CPU
		{4F692408-AEB3-4396-A319-0B0F4B1A448E}.Release|Any CPU.Build.0 = Release|Any CPU
		{EDB8E9DF-2D4A-404A-BA21-860EFBA7C811}.Debug|Any CPU.ActiveCfg = Debug|Any CPU
		{EDB8E9DF-2D4A-404A-BA21-860EFBA7C811}.Debug|Any CPU.Build.0 = Debug|Any CPU
		{EDB8E9DF-2D4A-404A-BA21-860EFBA7C811}.Release|Any CPU.ActiveCfg = Release|Any CPU
		{EDB8E9DF-2D4A-404A-BA21-860EFBA7C811}.Release|Any CPU.Build.0 = Release|Any CPU
		{58E8C655-2E6F-443F-BB94-DED336361726}.Debug|Any CPU.ActiveCfg = Debug|Any CPU
		{58E8C655-2E6F-443F-BB94-DED336361726}.Debug|Any CPU.Build.0 = Debug|Any CPU
		{58E8C655-2E6F-443F-BB94-DED336361726}.Release|Any CPU.ActiveCfg = Release|Any CPU
		{58E8C655-2E6F-443F-BB94-DED336361726}.Release|Any CPU.Build.0 = Release|Any CPU
		{2BF3D3DE-12D7-4066-8317-F95A8D5F75D2}.Debug|Any CPU.ActiveCfg = Debug|Any CPU
		{2BF3D3DE-12D7-4066-8317-F95A8D5F75D2}.Debug|Any CPU.Build.0 = Debug|Any CPU
		{2BF3D3DE-12D7-4066-8317-F95A8D5F75D2}.Release|Any CPU.ActiveCfg = Release|Any CPU
		{2BF3D3DE-12D7-4066-8317-F95A8D5F75D2}.Release|Any CPU.Build.0 = Release|Any CPU
		{6B727F1D-05E6-4617-9C48-975A5A2E3F84}.Debug|Any CPU.ActiveCfg = Debug|Any CPU
		{6B727F1D-05E6-4617-9C48-975A5A2E3F84}.Debug|Any CPU.Build.0 = Debug|Any CPU
		{6B727F1D-05E6-4617-9C48-975A5A2E3F84}.Release|Any CPU.ActiveCfg = Release|Any CPU
		{6B727F1D-05E6-4617-9C48-975A5A2E3F84}.Release|Any CPU.Build.0 = Release|Any CPU
	EndGlobalSection
EndGlobal
